<?xml version="1.0" encoding="utf-8"?>
<Project ToolsVersion="4.0" xmlns="http://schemas.microsoft.com/developer/msbuild/2003">
  <ItemGroup>
    <ClCompile Include="bullet.cpp" />
    <ClCompile Include="camera.cpp" />
    <ClCompile Include="collision.cpp" />
    <ClCompile Include="debugproc.cpp" />
    <ClCompile Include="drum.cpp" />
    <ClCompile Include="drum3D.cpp" />
    <ClCompile Include="enemy.cpp" />
    <ClCompile Include="fade.cpp" />
    <ClCompile Include="FlyingCrow.cpp" />
    <ClCompile Include="game.cpp" />
    <ClCompile Include="housing.cpp" />
    <ClCompile Include="input.cpp" />
    <ClCompile Include="light.cpp" />
    <ClCompile Include="main.cpp" />
    <ClCompile Include="meshfield.cpp" />
    <ClCompile Include="meshwall.cpp" />
    <ClCompile Include="model.cpp" />
    <ClCompile Include="object.cpp" />
    <ClCompile Include="particle.cpp" />
    <ClCompile Include="pizzleBG.cpp" />
    <ClCompile Include="player.cpp" />
    <ClCompile Include="prefab.cpp" />
    <ClCompile Include="renderer.cpp" />
    <ClCompile Include="result.cpp" />
    <ClCompile Include="roller.cpp" />
    <ClCompile Include="score.cpp" />
    <ClCompile Include="shadow.cpp" />
    <ClCompile Include="Sky.cpp" />
    <ClCompile Include="SkyManager.cpp" />
    <ClCompile Include="slot.cpp" />
    <ClCompile Include="sound.cpp" />
    <ClCompile Include="sprite.cpp" />
    <ClCompile Include="title.cpp" />
    <ClCompile Include="tree.cpp" />
  </ItemGroup>
  <ItemGroup>
    <ClInclude Include="bullet.h" />
    <ClInclude Include="camera.h" />
    <ClInclude Include="collision.h" />
    <ClInclude Include="debugproc.h" />
    <ClInclude Include="drum.h" />
    <ClInclude Include="drum3D.h" />
    <ClInclude Include="enemy.h" />
    <ClInclude Include="fade.h" />
    <ClInclude Include="FlyingCrow.h" />
    <ClInclude Include="game.h" />
    <ClInclude Include="housing.h" />
    <ClInclude Include="input.h" />
    <ClInclude Include="light.h" />
    <ClInclude Include="main.h" />
    <ClInclude Include="meshfield.h" />
    <ClInclude Include="meshwall.h" />
    <ClInclude Include="model.h" />
    <ClInclude Include="object.h" />
    <ClInclude Include="particle.h" />
    <ClInclude Include="player.h" />
    <ClInclude Include="prefab.h" />
    <ClInclude Include="puzzleBG.h" />
    <ClInclude Include="renderer.h" />
    <ClInclude Include="result.h" />
    <ClInclude Include="roller.h" />
    <ClInclude Include="rotator.h" />
    <ClInclude Include="score.h" />
    <ClInclude Include="shadow.h" />
    <ClInclude Include="Sky.h" />
    <ClInclude Include="SkyManager.h" />
    <ClInclude Include="slot.h" />
    <ClInclude Include="sound.h" />
    <ClInclude Include="sprite.h" />
    <ClInclude Include="title.h" />
    <ClInclude Include="tree.h" />
    <ClInclude Include="room.h" />
  </ItemGroup>
</Project>