<?xml version="1.0" encoding="utf-8"?>
<Project ToolsVersion="4.0" xmlns="http://schemas.microsoft.com/developer/msbuild/2003">
  <ItemGroup>
    <ClCompile Include="AnimationManager.cpp" />
    <ClCompile Include="bonusDrumh.cpp" />
    <ClCompile Include="bonusHousing.cpp" />
    <ClCompile Include="bonusSlot.cpp" />
    <ClCompile Include="bonusSlotManager.cpp" />
    <ClCompile Include="camera.cpp" />
    <ClCompile Include="collision.cpp" />
    <ClCompile Include="debugproc.cpp" />
    <ClCompile Include="drum.cpp" />
    <ClCompile Include="drum3D.cpp" />
    <ClCompile Include="Ending.cpp" />
    <ClCompile Include="endingSun.cpp" />
    <ClCompile Include="eventManager.cpp" />
    <ClCompile Include="fade.cpp" />
    <ClCompile Include="FLUID3D_GPU.cpp" />
    <ClCompile Include="FlyingCrow.cpp" />
    <ClCompile Include="FlyingCrowManager.cpp" />
    <ClCompile Include="game.cpp" />
    <ClCompile Include="God.cpp" />
    <ClCompile Include="GodObject.cpp" />
    <ClCompile Include="housing.cpp" />
    <ClCompile Include="input.cpp" />
    <ClCompile Include="Lamp.cpp" />
    <ClCompile Include="LampManager.cpp" />
    <ClCompile Include="light.cpp" />
    <ClCompile Include="main.cpp" />
    <ClCompile Include="model.cpp" />
    <ClCompile Include="Morphing.cpp" />
    <ClCompile Include="Object.cpp" />
    <ClCompile Include="pizzleBG.cpp" />
    <ClCompile Include="prefab.cpp" />
    <ClCompile Include="QestBoardManager.cpp" />
    <ClCompile Include="QuestBoard.cpp" />
    <ClCompile Include="renderer.cpp" />
    <ClCompile Include="roller.cpp" />
    <ClCompile Include="room.cpp" />
    <ClCompile Include="Scene.cpp" />
    <ClCompile Include="score.cpp" />
    <ClCompile Include="SkyManager.cpp" />
    <ClCompile Include="Sky.cpp" />
    <ClCompile Include="slot.cpp" />
    <ClCompile Include="slotManager.cpp" />
    <ClCompile Include="sound.cpp" />
    <ClCompile Include="sprite.cpp" />
    <ClCompile Include="Stage_01.cpp" />
    <ClCompile Include="texManager.cpp" />
    <ClCompile Include="Title.cpp" />
    <ClCompile Include="trainingCrow.cpp" />
    <ClCompile Include="trainingCrowBench.cpp" />
    <ClCompile Include="trainingCrowDumbbell.cpp" />
    <ClCompile Include="TrainingCrowManager.cpp" />
    <ClCompile Include="UI.cpp" />
    <ClCompile Include="UIManager.cpp" />
    <ClCompile Include="Staffroll.cpp" />
    <ClCompile Include="bonusTimer.cpp" />
    <ClCompile Include="particle.cpp" />
    <ClCompile Include="RollerManager.cpp" />
  </ItemGroup>
  <ItemGroup>
    <ClInclude Include="AnimationManager.h" />
    <ClInclude Include="bonusDrumh.h" />
    <ClInclude Include="bonusHousing.h" />
    <ClInclude Include="bonusSlot.h" />
    <ClInclude Include="bonusSlotManager.h" />
    <ClInclude Include="camera.h" />
    <ClInclude Include="collision.h" />
    <ClInclude Include="debugproc.h" />
    <ClInclude Include="drum.h" />
    <ClInclude Include="drum3D.h" />
    <ClInclude Include="drum3Dx100h.h" />
    <ClInclude Include="Ending.h" />
    <ClInclude Include="endingStage.h" />
    <ClInclude Include="endingSun.h" />
    <ClInclude Include="eventManager.h" />
    <ClInclude Include="fade.h" />
    <ClInclude Include="FLUID3D_GPU.h" />
    <ClInclude Include="FlyingCrow.h" />
    <ClInclude Include="FlyingCrowManager.h" />
    <ClInclude Include="game.h" />
    <ClInclude Include="God.h" />
    <ClInclude Include="GodObject.h" />
    <ClInclude Include="housing.h" />
    <ClInclude Include="input.h" />
    <ClInclude Include="Lamp.h" />
    <ClInclude Include="LampManager.h" />
    <ClInclude Include="light.h" />
    <ClInclude Include="main.h" />
    <ClInclude Include="model.h" />
    <ClInclude Include="Morphing.h" />
    <ClInclude Include="Object.h" />
    <ClInclude Include="prefab.h" />
    <ClInclude Include="puzzleBG.h" />
    <ClInclude Include="QuestBoardManager.h" />
    <ClInclude Include="QuestBoard.h" />
    <ClInclude Include="renderer.h" />
    <ClInclude Include="roller.h" />
    <ClInclude Include="room.h" />
    <ClInclude Include="rotator.h" />
    <ClInclude Include="Scene.h" />
    <ClInclude Include="score.h" />
    <ClInclude Include="SkyManager.h" />
    <ClInclude Include="Sky.h" />
    <ClInclude Include="shadow.h" />
    <ClInclude Include="slot.h" />
    <ClInclude Include="slotManager.h" />
    <ClInclude Include="sound.h" />
    <ClInclude Include="sprite.h" />
    <ClInclude Include="Stage_01.h" />
    <ClInclude Include="texManager.h" />
    <ClInclude Include="Title.h" />
    <ClInclude Include="trainingCrow.h" />
    <ClInclude Include="trainingCrowBench.h" />
    <ClInclude Include="trainingCrowDumbbell.h" />
    <ClInclude Include="TrainingCrowManager.h" />
    <ClInclude Include="UI.h" />
    <ClInclude Include="UIManager.h" />
    <ClInclude Include="Staffroll.h" />
    <ClInclude Include="bonusTimer.h" />
    <ClInclude Include="particle.h" />
    <ClInclude Include="RollerManager.h" />

  </ItemGroup>
</Project>